// !$*UTF8*$!
{
	archiveVersion = 1;
	classes = {
	};
	objectVersion = 56;
	objects = {

/* Begin PBXBuildFile section */
		A1B2C3D4E5F60718293A4B5C /* TodoListView.swift in Sources */ = {isa = PBXBuildFile; fileRef = D5C4B3A291807F6E5D4C3B2A /* TodoListView.swift */; };
		B10000000000000000000001 /* ClassTeacherApp.swift in Sources */ = {isa = PBXBuildFile; fileRef = A10000000000000000000001 /* ClassTeacherApp.swift */; };
		B10000000000000000000002 /* Theme.swift in Sources */ = {isa = PBXBuildFile; fileRef = A10000000000000000000002 /* Theme.swift */; };
		B10000000000000000000003 /* Student.swift in Sources */ = {isa = PBXBuildFile; fileRef = A10000000000000000000003 /* Student.swift */; };
		B10000000000000000000004 /* DataManager.swift in Sources */ = {isa = PBXBuildFile; fileRef = A10000000000000000000004 /* DataManager.swift */; };
		B10000000000000000000005 /* AppViewModel.swift in Sources */ = {isa = PBXBuildFile; fileRef = A10000000000000000000005 /* AppViewModel.swift */; };
		B10000000000000000000006 /* DutyView.swift in Sources */ = {isa = PBXBuildFile; fileRef = A10000000000000000000006 /* DutyView.swift */; };
		B10000000000000000000007 /* ExamListView.swift in Sources */ = {isa = PBXBuildFile; fileRef = A10000000000000000000007 /* ExamListView.swift */; };
		B10000000000000000000008 /* HomeView.swift in Sources */ = {isa = PBXBuildFile; fileRef = A10000000000000000000008 /* HomeView.swift */; };
		B10000000000000000000009 /* RankingAndProfileView.swift in Sources */ = {isa = PBXBuildFile; fileRef = A10000000000000000000009 /* RankingAndProfileView.swift */; };
		B1000000000000000000000A /* ScheduleView.swift in Sources */ = {isa = PBXBuildFile; fileRef = A1000000000000000000000A /* ScheduleView.swift */; };
		B1000000000000000000000B /* ScoreDetailView.swift in Sources */ = {isa = PBXBuildFile; fileRef = A1000000000000000000000B /* ScoreDetailView.swift */; };
		B1000000000000000000000C /* SeatView.swift in Sources */ = {isa = PBXBuildFile; fileRef = A1000000000000000000000C /* SeatView.swift */; };
		B1000000000000000000000D /* SettingsView.swift in Sources */ = {isa = PBXBuildFile; fileRef = A1000000000000000000000D /* SettingsView.swift */; };
		B1000000000000000000000E /* StudentListView.swift in Sources */ = {isa = PBXBuildFile; fileRef = A1000000000000000000000E /* StudentListView.swift */; };
		B10000000000000000000021 /* ExtraModels.swift in Sources */ = {isa = PBXBuildFile; fileRef = A10000000000000000000021 /* ExtraModels.swift */; };
		B10000000000000000000022 /* NotificationView.swift in Sources */ = {isa = PBXBuildFile; fileRef = A10000000000000000000022 /* NotificationView.swift */; };
		B10000000000000000000023 /* AlbumView.swift in Sources */ = {isa = PBXBuildFile; fileRef = A10000000000000000000023 /* AlbumView.swift */; };
		B10000000000000000000024 /* ClassMapView.swift in Sources */ = {isa = PBXBuildFile; fileRef = A10000000000000000000024 /* ClassMapView.swift */; };
		B10000000000000000000025 /* RankingListView.swift in Sources */ = {isa = PBXBuildFile; fileRef = A10000000000000000000025 /* RankingListView.swift */; };
		B10000000000000000000026 /* PrintService.swift in Sources */ = {isa = PBXBuildFile; fileRef = A10000000000000000000026 /* PrintService.swift */; };
		B10000000000000000000027 /* HomeFeatureManagerView.swift in Sources */ = {isa = PBXBuildFile; fileRef = A10000000000000000000027 /* HomeFeatureManagerView.swift */; };
		F55DEB91836407498DD10C33 /* Assets.xcassets in Resources */ = {isa = PBXBuildFile; fileRef = 8EC5D345B13DF6A104148FDF /* Assets.xcassets */; };
/* End PBXBuildFile section */

/* Begin PBXFileReference section */
		A10000000000000000000001 /* ClassTeacherApp.swift */ = {isa = PBXFileReference; lastKnownFileType = sourcecode.swift; path = ClassTeacherApp.swift; sourceTree = "<group>"; };
		A10000000000000000000002 /* Theme.swift */ = {isa = PBXFileReference; lastKnownFileType = sourcecode.swift; path = Theme.swift; sourceTree = "<group>"; };
		A10000000000000000000003 /* Student.swift */ = {isa = PBXFileReference; lastKnownFileType = sourcecode.swift; path = Student.swift; sourceTree = "<group>"; };
		A10000000000000000000004 /* DataManager.swift */ = {isa = PBXFileReference; lastKnownFileType = sourcecode.swift; path = DataManager.swift; sourceTree = "<group>"; };
		A10000000000000000000005 /* AppViewModel.swift */ = {isa = PBXFileReference; lastKnownFileType = sourcecode.swift; path = AppViewModel.swift; sourceTree = "<group>"; };
		A10000000000000000000006 /* DutyView.swift */ = {isa = PBXFileReference; lastKnownFileType = sourcecode.swift; path = DutyView.swift; sourceTree = "<group>"; };
		A10000000000000000000007 /* ExamListView.swift */ = {isa = PBXFileReference; lastKnownFileType = sourcecode.swift; path = ExamListView.swift; sourceTree = "<group>"; };
		A10000000000000000000008 /* HomeView.swift */ = {isa = PBXFileReference; lastKnownFileType = sourcecode.swift; path = HomeView.swift; sourceTree = "<group>"; };
		A10000000000000000000009 /* RankingAndProfileView.swift */ = {isa = PBXFileReference; lastKnownFileType = sourcecode.swift; path = RankingAndProfileView.swift; sourceTree = "<group>"; };
		A1000000000000000000000A /* ScheduleView.swift */ = {isa = PBXFileReference; lastKnownFileType = sourcecode.swift; path = ScheduleView.swift; sourceTree = "<group>"; };
		A1000000000000000000000B /* ScoreDetailView.swift */ = {isa = PBXFileReference; lastKnownFileType = sourcecode.swift; path = ScoreDetailView.swift; sourceTree = "<group>"; };
		A1000000000000000000000C /* SeatView.swift */ = {isa = PBXFileReference; lastKnownFileType = sourcecode.swift; path = SeatView.swift; sourceTree = "<group>"; };
		A1000000000000000000000D /* SettingsView.swift */ = {isa = PBXFileReference; lastKnownFileType = sourcecode.swift; path = SettingsView.swift; sourceTree = "<group>"; };
		A1000000000000000000000E /* StudentListView.swift */ = {isa = PBXFileReference; lastKnownFileType = sourcecode.swift; path = StudentListView.swift; sourceTree = "<group>"; };
		A10000000000000000000021 /* ExtraModels.swift */ = {isa = PBXFileReference; lastKnownFileType = sourcecode.swift; path = ExtraModels.swift; sourceTree = "<group>"; };
		A10000000000000000000022 /* NotificationView.swift */ = {isa = PBXFileReference; lastKnownFileType = sourcecode.swift; path = NotificationView.swift; sourceTree = "<group>"; };
		A10000000000000000000023 /* AlbumView.swift */ = {isa = PBXFileReference; lastKnownFileType = sourcecode.swift; path = AlbumView.swift; sourceTree = "<group>"; };
		A10000000000000000000024 /* ClassMapView.swift */ = {isa = PBXFileReference; lastKnownFileType = sourcecode.swift; path = ClassMapView.swift; sourceTree = "<group>"; };
		A10000000000000000000025 /* RankingListView.swift */ = {isa = PBXFileReference; lastKnownFileType = sourcecode.swift; path = RankingListView.swift; sourceTree = "<group>"; };
		A10000000000000000000026 /* PrintService.swift */ = {isa = PBXFileReference; lastKnownFileType = sourcecode.swift; path = PrintService.swift; sourceTree = "<group>"; };
		A10000000000000000000027 /* HomeFeatureManagerView.swift */ = {isa = PBXFileReference; lastKnownFileType = sourcecode.swift; path = HomeFeatureManagerView.swift; sourceTree = "<group>"; };
		8EC5D345B13DF6A104148FDF /* Assets.xcassets */ = {isa = PBXFileReference; lastKnownFileType = folder.assetcatalog; path = Assets.xcassets; sourceTree = "<group>"; };
		A1000000000000000000000F /* ClassTeacherApp.app */ = {isa = PBXFileReference; explicitFileType = wrapper.application; includeInIndex = 0; path = ClassTeacherApp.app; sourceTree = BUILT_PRODUCTS_DIR; };
/* End PBXFileReference section */

/* Begin PBXFrameworksBuildPhase section */
		1A0000000000000000000007 /* Frameworks */ = {
			isa = PBXFrameworksBuildPhase;
			buildActionMask = 2147483647;
			files = (
				F55DEB91836407498DD10C33 /* Assets.xcassets in Resources */,
			);
			runOnlyForDeploymentPostprocessing = 0;
		};
/* End PBXFrameworksBuildPhase section */

/* Begin PBXGroup section */
		1A0000000000000000000002 = {
			isa = PBXGroup;
			children = (
				8EC5D345B13DF6A104148FDF /* Assets.xcassets */,
				A10000000000000000000001 /* ClassTeacherApp.swift */,
				A10000000000000000000002 /* Theme.swift */,
				1A0000000000000000000011 /* Views */,
				1A0000000000000000000012 /* ViewModels */,
				1A0000000000000000000013 /* Utils */,
				1A0000000000000000000014 /* Models */,
				1A0000000000000000000003 /* Products */,
			);
			sourceTree = "<group>";
		};
		1A0000000000000000000003 /* Products */ = {
			isa = PBXGroup;
			children = (
				A1000000000000000000000F /* ClassTeacherApp.app */,
			);
			name = Products;
			sourceTree = "<group>";
		};
		1A0000000000000000000011 /* Views */ = {
			isa = PBXGroup;
			children = (
				A10000000000000000000008 /* HomeView.swift */,
				A1000000000000000000000E /* StudentListView.swift */,
				A10000000000000000000007 /* ExamListView.swift */,
				A1000000000000000000000B /* ScoreDetailView.swift */,
				A1000000000000000000000A /* ScheduleView.swift */,
				A10000000000000000000006 /* DutyView.swift */,
				A1000000000000000000000C /* SeatView.swift */,
				A10000000000000000000009 /* RankingAndProfileView.swift */,
				A1000000000000000000000D /* SettingsView.swift */,
				A10000000000000000000022 /* NotificationView.swift */,
				A10000000000000000000023 /* AlbumView.swift */,
				A10000000000000000000024 /* ClassMapView.swift */,
				A10000000000000000000025 /* RankingListView.swift */,
				A10000000000000000000027 /* HomeFeatureManagerView.swift */,
			);
			path = Views;
			sourceTree = "<group>";
		};
		1A0000000000000000000012 /* ViewModels */ = {
			isa = PBXGroup;
			children = (
				A10000000000000000000005 /* AppViewModel.swift */,
			);
			path = ViewModels;
			sourceTree = "<group>";
		};
		1A0000000000000000000013 /* Utils */ = {
			isa = PBXGroup;
			children = (
				A10000000000000000000004 /* DataManager.swift */,
				A10000000000000000000026 /* PrintService.swift */,
			);
			path = Utils;
			sourceTree = "<group>";
		};
		1A0000000000000000000014 /* Models */ = {
			isa = PBXGroup;
			children = (
				A10000000000000000000003 /* Student.swift */,
				A10000000000000000000021 /* ExtraModels.swift */,
			);
			path = Models;
			sourceTree = "<group>";
		};
/* End PBXGroup section */

/* Begin PBXNativeTarget section */
		1A0000000000000000000005 /* ClassTeacherApp */ = {
			isa = PBXNativeTarget;
			buildConfigurationList = 1A000000000000000000000A /* Build configuration list for PBXNativeTarget "ClassTeacherApp" */;
			buildPhases = (
				1A0000000000000000000006 /* Sources */,
				1A0000000000000000000007 /* Frameworks */,
				1A0000000000000000000008 /* Resources */,
			);
			buildRules = (
			);
			dependencies = (
			);
			name = ClassTeacherApp;
			productName = ClassTeacherApp;
			productReference = A1000000000000000000000F /* ClassTeacherApp.app */;
			productType = "com.apple.product-type.application";
		};
/* End PBXNativeTarget section */

/* Begin PBXProject section */
		1A0000000000000000000001 /* Project object */ = {
			isa = PBXProject;
			attributes = {
				BuildIndependentTargetsInParallel = 1;
				LastSwiftUpdateCheck = 1500;
				LastUpgradeCheck = 1500;
				TargetAttributes = {
					1A0000000000000000000005 = {
						CreatedOnToolsVersion = 15.0;
					};
				};
			};
			buildConfigurationList = 1A0000000000000000000009 /* Build configuration list for PBXProject "ClassTeacherApp" */;
			compatibilityVersion = "Xcode 14.0";
			developmentRegion = en;
			hasScannedForEncodings = 0;
			knownRegions = (
				en,
				Base,
			);
			mainGroup = 1A0000000000000000000002;
			productRefGroup = 1A0000000000000000000003 /* Products */;
			projectDirPath = "";
			projectRoot = "";
			targets = (
				1A0000000000000000000005 /* ClassTeacherApp */,
			);
		};
/* End PBXProject section */

/* Begin PBXResourcesBuildPhase section */
		1A0000000000000000000008 /* Resources */ = {
			isa = PBXResourcesBuildPhase;
			buildActionMask = 2147483647;
			files = (
			F55DEB91836407498DD10C33 /* Assets.xcassets in Resources */,
			);
			runOnlyForDeploymentPostprocessing = 0;
		};
/* End PBXResourcesBuildPhase section */

/* Begin PBXSourcesBuildPhase section */
		1A0000000000000000000006 /* Sources */ = {
			isa = PBXSourcesBuildPhase;
			buildActionMask = 2147483647;
			files = (
			A1B2C3D4E5F60718293A4B5C /* TodoListView.swift in Sources */,
				B10000000000000000000001 /* ClassTeacherApp.swift in Sources */,
				B10000000000000000000002 /* Theme.swift in Sources */,
				B10000000000000000000003 /* Student.swift in Sources */,
				B10000000000000000000004 /* DataManager.swift in Sources */,
				B10000000000000000000005 /* AppViewModel.swift in Sources */,
				B10000000000000000000006 /* DutyView.swift in Sources */,
				B10000000000000000000007 /* ExamListView.swift in Sources */,
				B10000000000000000000008 /* HomeView.swift in Sources */,
				B10000000000000000000009 /* RankingAndProfileView.swift in Sources */,
				B1000000000000000000000A /* ScheduleView.swift in Sources */,
				B1000000000000000000000B /* ScoreDetailView.swift in Sources */,
				B1000000000000000000000C /* SeatView.swift in Sources */,
				B1000000000000000000000D /* SettingsView.swift in Sources */,
				B1000000000000000000000E /* StudentListView.swift in Sources */,
				B10000000000000000000021 /* ExtraModels.swift in Sources */,
				B10000000000000000000022 /* NotificationView.swift in Sources */,
				B10000000000000000000023 /* AlbumView.swift in Sources */,
				B10000000000000000000024 /* ClassMapView.swift in Sources */,
				B10000000000000000000025 /* RankingListView.swift in Sources */,
				B10000000000000000000026 /* PrintService.swift in Sources */,
				B10000000000000000000027 /* HomeFeatureManagerView.swift in Sources */,
			);
			runOnlyForDeploymentPostprocessing = 0;
		};
/* End PBXSourcesBuildPhase section */

/* Begin XCBuildConfiguration section */
		1A000000000000000000000B /* Debug */ = {
			isa = XCBuildConfiguration;
			buildSettings = {
				ALWAYS_SEARCH_USER_PATHS = NO;
				CLANG_ANALYZER_NONNULL = YES;
				CLANG_ANALYZER_NUMBER_OBJECT_CONVERSION = YES_AGGRESSIVE;
				CLANG_CXX_LANGUAGE_STANDARD = "gnu++20";
				CLANG_ENABLE_MODULES = YES;
				CLANG_ENABLE_OBJC_ARC = YES;
				CLANG_ENABLE_OBJC_WEAK = YES;
				CLANG_WARN_BLOCK_CAPTURE_AUTORELEASING = YES;
				CLANG_WARN_BOOL_CONVERSION = YES;
				CLANG_WARN_COMMA = YES;
				CLANG_WARN_CONSTANT_CONVERSION = YES;
				CLANG_WARN_DEPRECATED_OBJC_IMPLEMENTATIONS = YES;
				CLANG_WARN_DIRECT_OBJC_ISA_USAGE = YES_ERROR;
				CLANG_WARN_DOCUMENTATION_COMMENTS = YES;
				CLANG_WARN_EMPTY_BODY = YES;
				CLANG_WARN_ENUM_CONVERSION = YES;
				CLANG_WARN_INFINITE_RECURSION = YES;
				CLANG_WARN_INT_CONVERSION = YES;
				CLANG_WARN_NON_LITERAL_NULL_CONVERSION = YES;
				CLANG_WARN_OBJC_IMPLICIT_RETAIN_SELF = YES;
				CLANG_WARN_OBJC_LITERAL_CONVERSION = YES;
				CLANG_WARN_OBJC_ROOT_CLASS = YES_ERROR;
				CLANG_WARN_QUOTED_INCLUDE_IN_FRAMEWORK_HEADER = YES;
				CLANG_WARN_RANGE_LOOP_ANALYSIS = YES;
				CLANG_WARN_STRICT_PROTOTYPES = YES;
				CLANG_WARN_SUSPICIOUS_MOVE = YES;
				CLANG_WARN_UNGUARDED_AVAILABILITY = YES_AGGRESSIVE;
				CLANG_WARN_UNREACHABLE_CODE = YES;
				CLANG_WARN__DUPLICATE_METHOD_MATCH = YES;
				COPY_PHASE_STRIP = NO;
				DEBUG_INFORMATION_FORMAT = dwarf;
				ENABLE_STRICT_OBJC_MSGSEND = YES;
				ENABLE_TESTABILITY = YES;
				ENABLE_USER_SCRIPT_SANDBOXING = YES;
				GCC_C_LANGUAGE_STANDARD = gnu17;
				GCC_DYNAMIC_NO_PIC = NO;
				GCC_NO_COMMON_BLOCKS = YES;
				GCC_OPTIMIZATION_LEVEL = 0;
				GCC_PREPROCESSOR_DEFINITIONS = (
					"DEBUG=1",
					"$(inherited)",
				);
				GCC_WARN_64_TO_32_BIT_CONVERSION = YES;
				GCC_WARN_ABOUT_RETURN_TYPE = YES_ERROR;
				GCC_WARN_UNDECLARED_SELECTOR = YES;
				GCC_WARN_UNINITIALIZED_AUTOS = YES_AGGRESSIVE;
				GCC_WARN_UNUSED_FUNCTION = YES;
				GCC_WARN_UNUSED_VARIABLE = YES;
				IPHONEOS_DEPLOYMENT_TARGET = 16.0;
				MTL_ENABLE_DEBUG_INFO = INCLUDE_SOURCE;
				MTL_FAST_MATH = YES;
				ONLY_ACTIVE_ARCH = YES;
				SDKROOT = iphoneos;
				SWIFT_ACTIVE_COMPILATION_CONDITIONS = DEBUG;
				SWIFT_OPTIMIZATION_LEVEL = "-Onone";
			};
			name = Debug;
		};
		1A000000000000000000000C /* Release */ = {
			isa = XCBuildConfiguration;
			buildSettings = {
				ALWAYS_SEARCH_USER_PATHS = NO;
				CLANG_ANALYZER_NONNULL = YES;
				CLANG_ANALYZER_NUMBER_OBJECT_CONVERSION = YES_AGGRESSIVE;
				CLANG_CXX_LANGUAGE_STANDARD = "gnu++20";
				CLANG_ENABLE_MODULES = YES;
				CLANG_ENABLE_OBJC_ARC = YES;
				CLANG_ENABLE_OBJC_WEAK = YES;
				CLANG_WARN_BLOCK_CAPTURE_AUTORELEASING = YES;
				CLANG_WARN_BOOL_CONVERSION = YES;
				CLANG_WARN_COMMA = YES;
				CLANG_WARN_CONSTANT_CONVERSION = YES;
				CLANG_WARN_DEPRECATED_OBJC_IMPLEMENTATIONS = YES;
				CLANG_WARN_DIRECT_OBJC_ISA_USAGE = YES_ERROR;
				CLANG_WARN_DOCUMENTATION_COMMENTS = YES;
				CLANG_WARN_EMPTY_BODY = YES;
				CLANG_WARN_ENUM_CONVERSION = YES;
				CLANG_WARN_INFINITE_RECURSION = YES;
				CLANG_WARN_INT_CONVERSION = YES;
				CLANG_WARN_NON_LITERAL_NULL_CONVERSION = YES;
				CLANG_WARN_OBJC_IMPLICIT_RETAIN_SELF = YES;
				CLANG_WARN_OBJC_LITERAL_CONVERSION = YES;
				CLANG_WARN_OBJC_ROOT_CLASS = YES_ERROR;
				CLANG_WARN_QUOTED_INCLUDE_IN_FRAMEWORK_HEADER = YES;
				CLANG_WARN_RANGE_LOOP_ANALYSIS = YES;
				CLANG_WARN_STRICT_PROTOTYPES = YES;
				CLANG_WARN_SUSPICIOUS_MOVE = YES;
				CLANG_WARN_UNGUARDED_AVAILABILITY = YES_AGGRESSIVE;
				CLANG_WARN_UNREACHABLE_CODE = YES;
				CLANG_WARN__DUPLICATE_METHOD_MATCH = YES;
				COPY_PHASE_STRIP = NO;
				DEBUG_INFORMATION_FORMAT = "dwarf-with-dsym";
				ENABLE_NS_ASSERTIONS = NO;
				ENABLE_STRICT_OBJC_MSGSEND = YES;
				ENABLE_USER_SCRIPT_SANDBOXING = YES;
				GCC_C_LANGUAGE_STANDARD = gnu17;
				GCC_NO_COMMON_BLOCKS = YES;
				GCC_WARN_64_TO_32_BIT_CONVERSION = YES;
				GCC_WARN_ABOUT_RETURN_TYPE = YES_ERROR;
				GCC_WARN_UNDECLARED_SELECTOR = YES;
				GCC_WARN_UNINITIALIZED_AUTOS = YES_AGGRESSIVE;
				GCC_WARN_UNUSED_FUNCTION = YES;
				GCC_WARN_UNUSED_VARIABLE = YES;
				IPHONEOS_DEPLOYMENT_TARGET = 16.0;
				MTL_ENABLE_DEBUG_INFO = NO;
				MTL_FAST_MATH = YES;
				SDKROOT = iphoneos;
				SWIFT_COMPILATION_MODE = wholemodule;
				VALIDATE_PRODUCT = YES;
			};
			name = Release;
		};
		1A000000000000000000000D /* Debug */ = {
			isa = XCBuildConfiguration;
			buildSettings = {
				CODE_SIGN_STYLE = Automatic;
				CURRENT_PROJECT_VERSION = 1;
				GENERATE_INFOPLIST_FILE = YES;
				INFOPLIST_KEY_UIApplicationSceneManifest_Generation = YES;
				INFOPLIST_KEY_UIApplicationSupportsIndirectInputEvents = YES;
				INFOPLIST_KEY_UILaunchScreen_Generation = YES;
				INFOPLIST_KEY_UISupportedInterfaceOrientations = UIInterfaceOrientationPortrait;
				LD_RUNPATH_SEARCH_PATHS = (
					"$(inherited)",
					"@executable_path/Frameworks",
				);
				MARKETING_VERSION = 1.0;
				PRODUCT_BUNDLE_IDENTIFIER = com.dmjorb.ClassTeacherApp;
				ASSETCATALOG_COMPILER_APPICON_NAME = AppIcon;
				PRODUCT_NAME = "$(TARGET_NAME)";
				SWIFT_EMIT_LOC_STRINGS = YES;
				SWIFT_VERSION = 5.0;
				TARGETED_DEVICE_FAMILY = 1;
			};
			name = Debug;
		};
		1A000000000000000000000E /* Release */ = {
			isa = XCBuildConfiguration;
			buildSettings = {
				CODE_SIGN_STYLE = Automatic;
				CURRENT_PROJECT_VERSION = 1;
				GENERATE_INFOPLIST_FILE = YES;
				INFOPLIST_KEY_UIApplicationSceneManifest_Generation = YES;
				INFOPLIST_KEY_UIApplicationSupportsIndirectInputEvents = YES;
				INFOPLIST_KEY_UILaunchScreen_Generation = YES;
				INFOPLIST_KEY_UISupportedInterfaceOrientations = UIInterfaceOrientationPortrait;
				LD_RUNPATH_SEARCH_PATHS = (
					"$(inherited)",
					"@executable_path/Frameworks",
				);
				MARKETING_VERSION = 1.0;
				PRODUCT_BUNDLE_IDENTIFIER = com.dmjorb.ClassTeacherApp;
				PRODUCT_NAME = "$(TARGET_NAME)";
				SWIFT_EMIT_LOC_STRINGS = YES;
				SWIFT_VERSION = 5.0;
				TARGETED_DEVICE_FAMILY = 1;
			};
			name = Release;
		};
/* End XCBuildConfiguration section */

/* Begin XCConfigurationList section */
		1A0000000000000000000009 /* Build configuration list for PBXProject "ClassTeacherApp" */ = {
			isa = XCConfigurationList;
			buildConfigurations = (
				1A000000000000000000000B /* Debug */,
				1A000000000000000000000C /* Release */,
			);
			defaultConfigurationIsVisible = 0;
			defaultConfigurationName = Release;
		};
		1A000000000000000000000A /* Build configuration list for PBXNativeTarget "ClassTeacherApp" */ = {
			isa = XCConfigurationList;
			buildConfigurations = (
				1A000000000000000000000D /* Debug */,
				1A000000000000000000000E /* Release */,
			);
			defaultConfigurationIsVisible = 0;
			defaultConfigurationName = Release;
		};
/* End XCConfigurationList section */
	};
	rootObject = 1A0000000000000000000001 /* Project object */;
}
